
Microsoft Visual Studio Solution File, Format Version 12.00
# Visual Studio Version 16
VisualStudioVersion = 16.0.32630.194
MinimumVisualStudioVersion = 10.0.40219.1
Project("{FAE04EC0-301F-11D3-BF4B-00C04F79EFBC}") = "4zadanie", "4zadanie\4zadanie.csproj", "{7A22BD6B-1D71-4CCE-8B38-4A28FC14320E}"
EndProject
Global
	GlobalSection(SolutionConfigurationPlatforms) = preSolution
		Debug|Any CPU = Debug|Any CPU
		Release|Any CPU = Release|Any CPU
	EndGlobalSection
	GlobalSection(ProjectConfigurationPlatforms) = postSolution
		{7A22BD6B-1D71-4CCE-8B38-4A28FC14320E}.Debug|Any CPU.ActiveCfg = Debug|Any CPU
		{7A22BD6B-1D71-4CCE-8B38-4A28FC14320E}.Debug|Any CPU.Build.0 = Debug|Any CPU
		{7A22BD6B-1D71-4CCE-8B38-4A28FC14320E}.Release|Any CPU.ActiveCfg = Release|Any CPU
		{7A22BD6B-1D71-4CCE-8B38-4A28FC14320E}.Release|Any CPU.Build.0 = Release|Any CPU
	EndGlobalSection
	GlobalSection(SolutionProperties) = preSolution
		HideSolutionNode = FALSE
	EndGlobalSection
	GlobalSection(ExtensibilityGlobals) = postSolution
		SolutionGuid = {9B26356F-BB3A-4E46-98FB-7E1849ABADC7}
	EndGlobalSection
EndGlobal
